// !$*UTF8*$!
{
	archiveVersion = 1;
	classes = {
	};
	objectVersion = 46;
	objects = {

/* Begin PBXBuildFile section */
		412191351C5C60320005971C /* main.m in Sources */ = {isa = PBXBuildFile; fileRef = 412191341C5C60320005971C /* main.m */; };
		412191381C5C60320005971C /* AppDelegate.m in Sources */ = {isa = PBXBuildFile; fileRef = 412191371C5C60320005971C /* AppDelegate.m */; };
		4121913B1C5C60320005971C /* ViewController.m in Sources */ = {isa = PBXBuildFile; fileRef = 4121913A1C5C60320005971C /* ViewController.m */; };
		4121913E1C5C60320005971C /* Main.storyboard in Resources */ = {isa = PBXBuildFile; fileRef = 4121913C1C5C60320005971C /* Main.storyboard */; };
		412191401C5C60320005971C /* Assets.xcassets in Resources */ = {isa = PBXBuildFile; fileRef = 4121913F1C5C60320005971C /* Assets.xcassets */; };
		412191431C5C60320005971C /* LaunchScreen.storyboard in Resources */ = {isa = PBXBuildFile; fileRef = 412191411C5C60320005971C /* LaunchScreen.storyboard */; };
/* End PBXBuildFile section */

/* Begin PBXFileReference section */
		412191301C5C60320005971C /* xkcd.app */ = {isa = PBXFileReference; explicitFileType = wrapper.application; includeInIndex = 0; path = xkcd.app; sourceTree = BUILT_PRODUCTS_DIR; };
		412191341C5C60320005971C /* main.m */ = {isa = PBXFileReference; lastKnownFileType = sourcecode.c.objc; path = main.m; sourceTree = "<group>"; };
		412191361C5C60320005971C /* AppDelegate.h */ = {isa = PBXFileReference; lastKnownFileType = sourcecode.c.h; path = AppDelegate.h; sourceTree = "<group>"; };
		412191371C5C60320005971C /* AppDelegate.m */ = {isa = PBXFileReference; lastKnownFileType = sourcecode.c.objc; path = AppDelegate.m; sourceTree = "<group>"; };
		412191391C5C60320005971C /* ViewController.h */ = {isa = PBXFileReference; lastKnownFileType = sourcecode.c.h; path = ViewController.h; sourceTree = "<group>"; };
		4121913A1C5C60320005971C /* ViewController.m */ = {isa = PBXFileReference; lastKnownFileType = sourcecode.c.objc; path = ViewController.m; sourceTree = "<group>"; };
		4121913D1C5C60320005971C /* Base */ = {isa = PBXFileReference; lastKnownFileType = file.storyboard; name = Base; path = Base.lproj/Main.storyboard; sourceTree = "<group>"; };
		4121913F1C5C60320005971C /* Assets.xcassets */ = {isa = PBXFileReference; lastKnownFileType = folder.assetcatalog; path = Assets.xcassets; sourceTree = "<group>"; };
		412191421C5C60320005971C /* Base */ = {isa = PBXFileReference; lastKnownFileType = file.storyboard; name = Base; path = Base.lproj/LaunchScreen.storyboard; sourceTree = "<group>"; };
		412191441C5C60320005971C /* Info.plist */ = {isa = PBXFileReference; lastKnownFileType = text.plist.xml; path = Info.plist; sourceTree = "<group>"; };
/* End PBXFileReference section */

/* Begin PBXFrameworksBuildPhase section */
		4121912D1C5C60320005971C /* Frameworks */ = {
			isa = PBXFrameworksBuildPhase;
			buildActionMask = 2147483647;
			files = (
			);
			runOnlyForDeploymentPostprocessing = 0;
		};
/* End PBXFrameworksBuildPhase section */

/* Begin PBXGroup section */
		412191271C5C60320005971C = {
			isa = PBXGroup;
			children = (
				412191321C5C60320005971C /* xkcd */,
				412191311C5C60320005971C /* Products */,
			);
			sourceTree = "<group>";
		};
		412191311C5C60320005971C /* Products */ = {
			isa = PBXGroup;
			children = (
				412191301C5C60320005971C /* xkcd.app */,
			);
			name = Products;
			sourceTree = "<group>";
		};
		412191321C5C60320005971C /* xkcd */ = {
			isa = PBXGroup;
			children = (
				412191361C5C60320005971C /* AppDelegate.h */,
				412191371C5C60320005971C /* AppDelegate.m */,
				412191391C5C60320005971C /* ViewController.h */,
				4121913A1C5C60320005971C /* ViewController.m */,
				4121913C1C5C60320005971C /* Main.storyboard */,
				4121913F1C5C60320005971C /* Assets.xcassets */,
				412191411C5C60320005971C /* LaunchScreen.storyboard */,
				412191441C5C60320005971C /* Info.plist */,
				412191331C5C60320005971C /* Supporting Files */,
			);
			path = xkcd;
			sourceTree = "<group>";
		};
		412191331C5C60320005971C /* Supporting Files */ = {
			isa = PBXGroup;
			children = (
				412191341C5C60320005971C /* main.m */,
			);
			name = "Supporting Files";
			sourceTree = "<group>";
		};
/* End PBXGroup section */

/* Begin PBXNativeTarget section */
		4121912F1C5C60320005971C /* xkcd */ = {
			isa = PBXNativeTarget;
			buildConfigurationList = 412191471C5C60320005971C /* Build configuration list for PBXNativeTarget "xkcd" */;
			buildPhases = (
				4121912C1C5C60320005971C /* Sources */,
				4121912D1C5C60320005971C /* Frameworks */,
				4121912E1C5C60320005971C /* Resources */,
			);
			buildRules = (
			);
			dependencies = (
			);
			name = xkcd;
			productName = xkcd;
			productReference = 412191301C5C60320005971C /* xkcd.app */;
			productType = "com.apple.product-type.application";
		};
/* End PBXNativeTarget section */

/* Begin PBXProject section */
		412191281C5C60320005971C /* Project object */ = {
			isa = PBXProject;
			attributes = {
				LastUpgradeCheck = 0720;
				ORGANIZATIONNAME = Perka;
				TargetAttributes = {
					4121912F1C5C60320005971C = {
						CreatedOnToolsVersion = 7.2;
					};
				};
			};
			buildConfigurationList = 4121912B1C5C60320005971C /* Build configuration list for PBXProject "xkcd" */;
			compatibilityVersion = "Xcode 3.2";
			developmentRegion = English;
			hasScannedForEncodings = 0;
			knownRegions = (
				en,
				Base,
			);
			mainGroup = 412191271C5C60320005971C;
			productRefGroup = 412191311C5C60320005971C /* Products */;
			projectDirPath = "";
			projectRoot = "";
			targets = (
				4121912F1C5C60320005971C /* xkcd */,
			);
		};
/* End PBXProject section */

/* Begin PBXResourcesBuildPhase section */
		4121912E1C5C60320005971C /* Resources */ = {
			isa = PBXResourcesBuildPhase;
			buildActionMask = 2147483647;
			files = (
				412191431C5C60320005971C /* LaunchScreen.storyboard in Resources */,
				412191401C5C60320005971C /* Assets.xcassets in Resources */,
				4121913E1C5C60320005971C /* Main.storyboard in Resources */,
			);
			runOnlyForDeploymentPostprocessing = 0;
		};
/* End PBXResourcesBuildPhase section */

/* Begin PBXSourcesBuildPhase section */
		4121912C1C5C60320005971C /* Sources */ = {
			isa = PBXSourcesBuildPhase;
			buildActionMask = 2147483647;
			files = (
				4121913B1C5C60320005971C /* ViewController.m in Sources */,
				412191381C5C60320005971C /* AppDelegate.m in Sources */,
				412191351C5C60320005971C /* main.m in Sources */,
			);
			runOnlyForDeploymentPostprocessing = 0;
		};
/* End PBXSourcesBuildPhase section */

/* Begin PBXVariantGroup section */
		4121913C1C5C60320005971C /* Main.storyboard */ = {
			isa = PBXVariantGroup;
			children = (
				4121913D1C5C60320005971C /* Base */,
			);
			name = Main.storyboard;
			sourceTree = "<group>";
		};
		412191411C5C60320005971C /* LaunchScreen.storyboard */ = {
			isa = PBXVariantGroup;
			children = (
				412191421C5C60320005971C /* Base */,
			);
			name = LaunchScreen.storyboard;
			sourceTree = "<group>";
		};
/* End PBXVariantGroup section */

/* Begin XCBuildConfiguration section */
		412191451C5C60320005971C /* Debug */ = {
			isa = XCBuildConfiguration;
			buildSettings = {
				ALWAYS_SEARCH_USER_PATHS = NO;
				CLANG_CXX_LANGUAGE_STANDARD = "gnu++0x";
				CLANG_CXX_LIBRARY = "libc++";
				CLANG_ENABLE_MODULES = YES;
				CLANG_ENABLE_OBJC_ARC = YES;
				CLANG_WARN_BOOL_CONVERSION = YES;
				CLANG_WARN_CONSTANT_CONVERSION = YES;
				CLANG_WARN_DIRECT_OBJC_ISA_USAGE = YES_ERROR;
				CLANG_WARN_EMPTY_BODY = YES;
				CLANG_WARN_ENUM_CONVERSION = YES;
				CLANG_WARN_INT_CONVERSION = YES;
				CLANG_WARN_OBJC_ROOT_CLASS = YES_ERROR;
				CLANG_WARN_UNREACHABLE_CODE = YES;
				CLANG_WARN__DUPLICATE_METHOD_MATCH = YES;
				"CODE_SIGN_IDENTITY[sdk=iphoneos*]" = "iPhone Developer";
				COPY_PHASE_STRIP = NO;
				DEBUG_INFORMATION_FORMAT = dwarf;
				ENABLE_STRICT_OBJC_MSGSEND = YES;
				ENABLE_TESTABILITY = YES;
				GCC_C_LANGUAGE_STANDARD = gnu99;
				GCC_DYNAMIC_NO_PIC = NO;
				GCC_NO_COMMON_BLOCKS = YES;
				GCC_OPTIMIZATION_LEVEL = 0;
				GCC_PREPROCESSOR_DEFINITIONS = (
					"DEBUG=1",
					"$(inherited)",
				);
				GCC_WARN_64_TO_32_BIT_CONVERSION = YES;
				GCC_WARN_ABOUT_RETURN_TYPE = YES_ERROR;
				GCC_WARN_UNDECLARED_SELECTOR = YES;
				GCC_WARN_UNINITIALIZED_AUTOS = YES_AGGRESSIVE;
				GCC_WARN_UNUSED_FUNCTION = YES;
				GCC_WARN_UNUSED_VARIABLE = YES;
				IPHONEOS_DEPLOYMENT_TARGET = 9.2;
				MTL_ENABLE_DEBUG_INFO = YES;
				ONLY_ACTIVE_ARCH = YES;
				SDKROOT = iphoneos;
			};
			name = Debug;
		};
		412191461C5C60320005971C /* Release */ = {
			isa = XCBuildConfiguration;
			buildSettings = {
				ALWAYS_SEARCH_USER_PATHS = NO;
				CLANG_CXX_LANGUAGE_STANDARD = "gnu++0x";
				CLANG_CXX_LIBRARY = "libc++";
				CLANG_ENABLE_MODULES = YES;
				CLANG_ENABLE_OBJC_ARC = YES;
				CLANG_WARN_BOOL_CONVERSION = YES;
				CLANG_WARN_CONSTANT_CONVERSION = YES;
				CLANG_WARN_DIRECT_OBJC_ISA_USAGE = YES_ERROR;
				CLANG_WARN_EMPTY_BODY = YES;
				CLANG_WARN_ENUM_CONVERSION = YES;
				CLANG_WARN_INT_CONVERSION = YES;
				CLANG_WARN_OBJC_ROOT_CLASS = YES_ERROR;
				CLANG_WARN_UNREACHABLE_CODE = YES;
				CLANG_WARN__DUPLICATE_METHOD_MATCH = YES;
				"CODE_SIGN_IDENTITY[sdk=iphoneos*]" = "iPhone Developer";
				COPY_PHASE_STRIP = NO;
				DEBUG_INFORMATION_FORMAT = "dwarf-with-dsym";
				ENABLE_NS_ASSERTIONS = NO;
				ENABLE_STRICT_OBJC_MSGSEND = YES;
				GCC_C_LANGUAGE_STANDARD = gnu99;
				GCC_NO_COMMON_BLOCKS = YES;
				GCC_WARN_64_TO_32_BIT_CONVERSION = YES;
				GCC_WARN_ABOUT_RETURN_TYPE = YES_ERROR;
				GCC_WARN_UNDECLARED_SELECTOR = YES;
				GCC_WARN_UNINITIALIZED_AUTOS = YES_AGGRESSIVE;
				GCC_WARN_UNUSED_FUNCTION = YES;
				GCC_WARN_UNUSED_VARIABLE = YES;
				IPHONEOS_DEPLOYMENT_TARGET = 9.2;
				MTL_ENABLE_DEBUG_INFO = NO;
				SDKROOT = iphoneos;
				VALIDATE_PRODUCT = YES;
			};
			name = Release;
		};
		412191481C5C60320005971C /* Debug */ = {
			isa = XCBuildConfiguration;
			buildSettings = {
				ASSETCATALOG_COMPILER_APPICON_NAME = AppIcon;
				INFOPLIST_FILE = xkcd/Info.plist;
				LD_RUNPATH_SEARCH_PATHS = "$(inherited) @executable_path/Frameworks";
				PRODUCT_BUNDLE_IDENTIFIER = net.meekapps.xkcd;
				PRODUCT_NAME = "$(TARGET_NAME)";
			};
			name = Debug;
		};
		412191491C5C60320005971C /* Release */ = {
			isa = XCBuildConfiguration;
			buildSettings = {
				ASSETCATALOG_COMPILER_APPICON_NAME = AppIcon;
				INFOPLIST_FILE = xkcd/Info.plist;
				LD_RUNPATH_SEARCH_PATHS = "$(inherited) @executable_path/Frameworks";
				PRODUCT_BUNDLE_IDENTIFIER = net.meekapps.xkcd;
				PRODUCT_NAME = "$(TARGET_NAME)";
			};
			name = Release;
		};
/* End XCBuildConfiguration section */

/* Begin XCConfigurationList section */
		4121912B1C5C60320005971C /* Build configuration list for PBXProject "xkcd" */ = {
			isa = XCConfigurationList;
			buildConfigurations = (
				412191451C5C60320005971C /* Debug */,
				412191461C5C60320005971C /* Release */,
			);
			defaultConfigurationIsVisible = 0;
			defaultConfigurationName = Release;
		};
		412191471C5C60320005971C /* Build configuration list for PBXNativeTarget "xkcd" */ = {
			isa = XCConfigurationList;
			buildConfigurations = (
				412191481C5C60320005971C /* Debug */,
				412191491C5C60320005971C /* Release */,
			);
			defaultConfigurationIsVisible = 0;
		};
/* End XCConfigurationList section */
	};
	rootObject = 412191281C5C60320005971C /* Project object */;
}
